
Microsoft Visual Studio Solution File, Format Version 12.00
# Visual Studio Version 17
VisualStudioVersion = 17.12.35514.174 d17.12
MinimumVisualStudioVersion = 10.0.40219.1
Project("{FAE04EC0-301F-11D3-BF4B-00C04F79EFBC}") = "btbuoi7", "btbuoi7.csproj", "{4F83E0EE-39D3-4C0F-88C5-4EE86D72D35A}"
EndProject
Global
	GlobalSection(SolutionConfigurationPlatforms) = preSolution
		Debug|Any CPU = Debug|Any CPU
		Release|Any CPU = Release|Any CPU
	EndGlobalSection
	GlobalSection(ProjectConfigurationPlatforms) = postSolution
		{4F83E0EE-39D3-4C0F-88C5-4EE86D72D35A}.Debug|Any CPU.ActiveCfg = Debug|Any CPU
		{4F83E0EE-39D3-4C0F-88C5-4EE86D72D35A}.Debug|Any CPU.Build.0 = Debug|Any CPU
		{4F83E0EE-39D3-4C0F-88C5-4EE86D72D35A}.Release|Any CPU.ActiveCfg = Release|Any CPU
		{4F83E0EE-39D3-4C0F-88C5-4EE86D72D35A}.Release|Any CPU.Build.0 = Release|Any CPU
	EndGlobalSection
	GlobalSection(SolutionProperties) = preSolution
		HideSolutionNode = FALSE
	EndGlobalSection
EndGlobal
